{"1.1.0",
[{<<"cowboy">>,{pkg,<<"cowboy">>,<<"1.0.4">>},1},
 {<<"cowlib">>,{pkg,<<"cowlib">>,<<"1.0.2">>},2},
 {<<"jsx">>,{pkg,<<"jsx">>,<<"2.8.0">>},0},
 {<<"ranch">>,{pkg,<<"ranch">>,<<"1.2.1">>},1},
 {<<"trails">>,{pkg,<<"trails">>,<<"0.2.0">>},0}]}.
[
{pkg_hash,[
 {<<"cowboy">>, <<"A324A8DF9F2316C833A470D918AAF73AE894278B8AA6226CE7A9BF699388F878">>},
 {<<"cowlib">>, <<"9D769A1D062C9C3AC753096F868CA121E2730B9A377DE23DEC0F7E08B1DF84EE">>},
 {<<"jsx">>, <<"749BEC6D205C694AE1786D62CEA6CC45A390437E24835FD16D12D74F07097727">>},
 {<<"ranch">>, <<"A6FB992C10F2187B46FFD17CE398DDF8A54F691B81768F9EF5F461EA7E28C762">>},
 {<<"trails">>, <<"8A26C8F32B2A4D317830FAF55F034CC532D849547686806B83063AA1F65213D2">>}]}
].
