{"1.1.0",
[{<<"cowboy">>,{pkg,<<"cowboy">>,<<"2.1.0">>},1},
 {<<"cowlib">>,{pkg,<<"cowlib">>,<<"2.0.1">>},2},
 {<<"jsx">>,{pkg,<<"jsx">>,<<"2.8.1">>},0},
 {<<"ranch">>,{pkg,<<"ranch">>,<<"1.4.0">>},1},
 {<<"trails">>,{pkg,<<"trails">>,<<"2.0.0">>},0}]}.
[
{pkg_hash,[
 {<<"cowboy">>, <<"69F9DB3B23C24AB6B3A169A6357130C16B39CDA1A1F8C582F818883EE552589D">>},
 {<<"cowlib">>, <<"4DFFFB1DB296EAB9F2E8B95EE3017007F674BC920CE30AEB5A53BBDA82FC38C0">>},
 {<<"jsx">>, <<"1453B4EB3615ACB3E2CD0A105D27E6761E2ED2E501AC0B390F5BBEC497669846">>},
 {<<"ranch">>, <<"10272F95DA79340FA7E8774BA7930B901713D272905D0012B06CA6D994F8826B">>},
 {<<"trails">>, <<"40125994045FBDB07909D0778E12004B3B7722E25AAE292EC83019630BA66E7E">>}]}
].
